lockfileVersion: 5.3

specifiers:
  '@codemirror/basic-setup': ^0.19.0
  '@codemirror/commands': ^0.19.5
  '@codemirror/lang-css': ^0.19.3
  '@codemirror/lang-javascript': ^0.19.3
  '@codemirror/view': ^0.19.18
  '@github/textarea-autosize': ^0.2.2
  '@hyrious/esbuild-dev': ^0.5.0
  '@hyrious/rimraf': ^0.1.0
  '@hyrious/shellwords': ^0.1.1
  '@hyrious/w7': ^0.1.8
  '@tsconfig/svelte': ^2.0.1
  '@types/node': ^16.11.7
  chokidar: ^3.5.2
  debounce-fn: ^5.0.0
  esbuild: ^0.13.14
  highlight.js: ^11.3.1
  pretty-bytes: ^5.6.0
  selector-observer: ^2.1.6
  svelte: ^3.44.1
  type-fest: ^2.5.3

dependencies:
  '@codemirror/basic-setup': 0.19.0
  '@codemirror/commands': 0.19.5
  '@codemirror/lang-css': 0.19.3
  '@codemirror/lang-javascript': 0.19.3
  '@codemirror/view': 0.19.18
  '@github/textarea-autosize': 0.2.2
  '@hyrious/shellwords': 0.1.1
  highlight.js: 11.3.1
  selector-observer: 2.1.6

devDependencies:
  '@hyrious/esbuild-dev': 0.5.0
  '@hyrious/rimraf': 0.1.0
  '@hyrious/w7': 0.1.8
  '@tsconfig/svelte': 2.0.1
  '@types/node': 16.11.7
  chokidar: 3.5.2
  debounce-fn: 5.0.0
  esbuild: 0.13.14
  pretty-bytes: 5.6.0
  svelte: 3.44.1
  type-fest: 2.5.3

packages:

  /@codemirror/autocomplete/0.19.5:
    resolution: {integrity: sha512-4ZP9hUaGKw5iSeOMwBv3Qa5fZO8puuna7eDwB8jjRPOtxW4X6e2LY8SmsNSp3ZLXsrhUAOt8urNqv1jBp7SxqA==}
    dependencies:
      '@codemirror/language': 0.19.3
      '@codemirror/state': 0.19.4
      '@codemirror/text': 0.19.5
      '@codemirror/tooltip': 0.19.6
      '@codemirror/view': 0.19.18
      '@lezer/common': 0.15.7
    dev: false

  /@codemirror/basic-setup/0.19.0:
    resolution: {integrity: sha512-Yhrf7fIz8+INHWOhpWeRwbs8fpc0KsydX9baD7TyYqniLVWyTi0Hwm52mr0f5O+k4YaJPeHAgT3x9gzDXZIvOw==}
    dependencies:
      '@codemirror/autocomplete': 0.19.5
      '@codemirror/closebrackets': 0.19.0
      '@codemirror/commands': 0.19.5
      '@codemirror/comment': 0.19.0
      '@codemirror/fold': 0.19.1
      '@codemirror/gutter': 0.19.4
      '@codemirror/highlight': 0.19.6
      '@codemirror/history': 0.19.0
      '@codemirror/language': 0.19.3
      '@codemirror/lint': 0.19.3
      '@codemirror/matchbrackets': 0.19.3
      '@codemirror/rectangular-selection': 0.19.1
      '@codemirror/search': 0.19.2
      '@codemirror/state': 0.19.4
      '@codemirror/view': 0.19.18
    dev: false

  /@codemirror/closebrackets/0.19.0:
    resolution: {integrity: sha512-dFWX5OEVYWRNtGaifSbwIAlymnRRjxWMiMbffbAjF7p0zfGHDbdGkiT56q3Xud63h5/tQdSo5dK1iyNTzHz5vg==}
    dependencies:
      '@codemirror/language': 0.19.3
      '@codemirror/rangeset': 0.19.1
      '@codemirror/state': 0.19.4
      '@codemirror/text': 0.19.5
      '@codemirror/view': 0.19.18
    dev: false

  /@codemirror/commands/0.19.5:
    resolution: {integrity: sha512-8PZOtx7d/GbKhFYA88zs2wINDtaUgj3pEjLYScKTd/Vsyw8qOp86tJQQNnMFTRZj/ISQl9Lbg3aAmHvroMqspw==}
    dependencies:
      '@codemirror/language': 0.19.3
      '@codemirror/matchbrackets': 0.19.3
      '@codemirror/state': 0.19.4
      '@codemirror/text': 0.19.5
      '@codemirror/view': 0.19.18
      '@lezer/common': 0.15.7
    dev: false

  /@codemirror/comment/0.19.0:
    resolution: {integrity: sha512-3hqAd0548fxqOBm4khFMcXVIivX8p0bSlbAuZJ6PNoUn/0wXhxkxowPp0FmFzU2+y37Z+ZQF5cRB5EREWPRIiQ==}
    dependencies:
      '@codemirror/state': 0.19.4
      '@codemirror/text': 0.19.5
      '@codemirror/view': 0.19.18
    dev: false

  /@codemirror/fold/0.19.1:
    resolution: {integrity: sha512-3GwQpxgv03urb8BPBvX1JSjl+uMXKqngRG6qHZXSM2FefxFKvTuyL44MCb35aodtfKjGwoxizk+7b6CbAOLyOw==}
    dependencies:
      '@codemirror/gutter': 0.19.4
      '@codemirror/language': 0.19.3
      '@codemirror/rangeset': 0.19.1
      '@codemirror/state': 0.19.4
      '@codemirror/view': 0.19.18
    dev: false

  /@codemirror/gutter/0.19.4:
    resolution: {integrity: sha512-zcDtGafuzLs9mvSBqHVuLNbS4UpHBo1+DRY6NtZfC31bV8abDxOPgokq2+6UsVPQp+RA1LgmPHatp4gOYSM+cA==}
    dependencies:
      '@codemirror/rangeset': 0.19.1
      '@codemirror/state': 0.19.4
      '@codemirror/view': 0.19.18
    dev: false

  /@codemirror/highlight/0.19.6:
    resolution: {integrity: sha512-+eibu6on9quY8uN3xJ/n3rH+YIDLlpX7YulVmFvqAIz/ukRQ5tWaBmB7fMixHmnmRIRBRZgB8rNtonuMwZSAHQ==}
    dependencies:
      '@codemirror/language': 0.19.3
      '@codemirror/rangeset': 0.19.1
      '@codemirror/state': 0.19.4
      '@codemirror/view': 0.19.18
      '@lezer/common': 0.15.7
      style-mod: 4.0.0
    dev: false

  /@codemirror/history/0.19.0:
    resolution: {integrity: sha512-E0H+lncH66IMDhaND9jgkjE7s0dhYfjCPmS+Ig2Yes9I8+UIEecIdObj8c8HPCFGctGg3fxXqRAw2mdHl2Wouw==}
    dependencies:
      '@codemirror/state': 0.19.4
      '@codemirror/view': 0.19.18
    dev: false

  /@codemirror/lang-css/0.19.3:
    resolution: {integrity: sha512-tyCUJR42/UlfOPLb94/p7dN+IPsYSIzHbAHP2KQHANj0I+Orqp+IyIOS++M8TuCX4zkWh9dvi8s92yy/Tn8Ifg==}
    dependencies:
      '@codemirror/autocomplete': 0.19.5
      '@codemirror/highlight': 0.19.6
      '@codemirror/language': 0.19.3
      '@codemirror/state': 0.19.4
      '@lezer/css': 0.15.2
    dev: false

  /@codemirror/lang-javascript/0.19.3:
    resolution: {integrity: sha512-2NE5z98Nz9Rv4OS5UtgehCSnyQjac+P85+evzy1D/4wllp/EPaHIEEtSP1daBvrLy49SdI/9vES3ZJu6rSv4/w==}
    dependencies:
      '@codemirror/autocomplete': 0.19.5
      '@codemirror/highlight': 0.19.6
      '@codemirror/language': 0.19.3
      '@codemirror/lint': 0.19.3
      '@codemirror/state': 0.19.4
      '@codemirror/view': 0.19.18
      '@lezer/javascript': 0.15.1
    dev: false

  /@codemirror/language/0.19.3:
    resolution: {integrity: sha512-6vjkRYHRJg/z9wdAk75nU2fQwCJBsh2HpkIjKXIHfzISSgLt5qSDxVhPd8Uu8PD5WMmFFP8tX7I9kdIt873o0A==}
    dependencies:
      '@codemirror/state': 0.19.4
      '@codemirror/text': 0.19.5
      '@codemirror/view': 0.19.18
      '@lezer/common': 0.15.7
      '@lezer/lr': 0.15.4
    dev: false

  /@codemirror/lint/0.19.3:
    resolution: {integrity: sha512-+c39s05ybD2NjghxkPFsUbH/qBL0cdzKmtHbzUm0RVspeL2OiP7uHYJ6J5+Qr9RjMIPWzcqSauRqxfmCrctUfg==}
    dependencies:
      '@codemirror/gutter': 0.19.4
      '@codemirror/panel': 0.19.0
      '@codemirror/rangeset': 0.19.1
      '@codemirror/state': 0.19.4
      '@codemirror/tooltip': 0.19.6
      '@codemirror/view': 0.19.18
      crelt: 1.0.5
    dev: false

  /@codemirror/matchbrackets/0.19.3:
    resolution: {integrity: sha512-ljkrBxaLgh8jesroUiBa57pdEwqJamxkukXrJpL9LdyFZVJaF+9TldhztRaMsMZO1XnCSSHQ9sg32iuHo7Sc2g==}
    dependencies:
      '@codemirror/language': 0.19.3
      '@codemirror/state': 0.19.4
      '@codemirror/view': 0.19.18
      '@lezer/common': 0.15.7
    dev: false

  /@codemirror/panel/0.19.0:
    resolution: {integrity: sha512-LJuu49xnuhaAztlhnLJQ57ddOirSyf8/lnl7twsQUG/05RkxodBZ9F7q8r5AOLqOkaQOy9WySEKX1Ur8lD9Q5w==}
    dependencies:
      '@codemirror/state': 0.19.4
      '@codemirror/view': 0.19.18
    dev: false

  /@codemirror/rangeset/0.19.1:
    resolution: {integrity: sha512-WaKTEw8JB/3QFlQzpdgRoklopcWvG8O/Xp+rxxOfFKYTaeaejpY/tjpyBBg+Ea65Ka3m7+pPp9d5j/oR2rd9NA==}
    dependencies:
      '@codemirror/state': 0.19.4
    dev: false

  /@codemirror/rectangular-selection/0.19.1:
    resolution: {integrity: sha512-9ElnqOg3mpZIWe0prPRd1SZ48Q9QB3bR8Aocq8UtjboJSUG8ABhRrbuTZMW/rMqpBPSjVpCe9xkCCkEQMYQVmw==}
    dependencies:
      '@codemirror/state': 0.19.4
      '@codemirror/text': 0.19.5
      '@codemirror/view': 0.19.18
    dev: false

  /@codemirror/search/0.19.2:
    resolution: {integrity: sha512-TrRxUxyJ/a7HXtUvMZhgkOUbKE1xO33UhXjn1XACEHKWhgovw1vEeEEti9dZejN8/QOOFJed39InUxmp7oQ8HA==}
    dependencies:
      '@codemirror/panel': 0.19.0
      '@codemirror/rangeset': 0.19.1
      '@codemirror/state': 0.19.4
      '@codemirror/text': 0.19.5
      '@codemirror/view': 0.19.18
      crelt: 1.0.5
    dev: false

  /@codemirror/state/0.19.4:
    resolution: {integrity: sha512-PLsY1PvuGynylzv4FVEi1vDz4gituIxJR4XdEVT4+UK6C2l14Y2TGLkUTw3D8xlq+xmY1J1TR7UbicZtJIxO6A==}
    dependencies:
      '@codemirror/text': 0.19.5
    dev: false

  /@codemirror/text/0.19.5:
    resolution: {integrity: sha512-Syu5Xc7tZzeUAM/y4fETkT0zgGr48rDG+w4U38bPwSIUr+L9S/7w2wDE1WGNzjaZPz12F6gb1gxWiSTg9ocLow==}
    dev: false

  /@codemirror/tooltip/0.19.6:
    resolution: {integrity: sha512-a2xBVsk6JiLXpbMUfAM5pA+K7Om+7U7zlm1rBg0LaOez+3r9tiB2T0aw+IBKWOzAHKV3EwFbM7dwclUZBBYBfg==}
    dependencies:
      '@codemirror/state': 0.19.4
      '@codemirror/view': 0.19.18
    dev: false

  /@codemirror/view/0.19.18:
    resolution: {integrity: sha512-OxYc+6PvppfFVKcheLZtqRxzYoiC9dGzKZfCBzx63en/HsKuM2ZBOHHKH57ZtGNcI2ctW0j5Wr2yNm9QAdgGsA==}
    dependencies:
      '@codemirror/rangeset': 0.19.1
      '@codemirror/state': 0.19.4
      '@codemirror/text': 0.19.5
      style-mod: 4.0.0
      w3c-keyname: 2.2.4
    dev: false

  /@github/textarea-autosize/0.2.2:
    resolution: {integrity: sha512-HccwnMFE2TfceUGdAS/PsePS05hs68sMp1MBkRVu2IBzZe0ytt7anBfD+EweGF7ijUPOstFfrBXBjSdLBMzVmg==}
    dev: false

  /@hyrious/esbuild-dev/0.5.0:
    resolution: {integrity: sha512-Po29q1nPM1sKFEBeaknVbbViPDBnW4h+dUFIQVkCMrr7OrlPEJxvYD4zpsbBuaWCPXu49QoOyq1ImL28GEqRgg==}
    engines: {node: '>=14.8.0'}
    hasBin: true
    dependencies:
      esbuild: 0.13.14
    dev: true

  /@hyrious/rimraf/0.1.0:
    resolution: {integrity: sha512-EvPZVRkyJTzoBHOswuVK2hSAFGIfu9E0S7sCfOc7mvA+l2t1PxNZPVAflZuU/FJIzmV7wZAO57ISqf1j3wxFjA==}
    engines: {node: '>=14.14.0'}
    hasBin: true
    dev: true

  /@hyrious/shellwords/0.1.1:
    resolution: {integrity: sha512-ZludTq2ojPjF2p8iKgjvdrs1oE/raY23jwAGj0N6saZSL1LH6jhVJrE653PfnBqYY2W/WVpb5wTzGEO0YhFcog==}
    engines: {node: '>=12.2.0'}
    dev: false

  /@hyrious/w7/0.1.8:
    resolution: {integrity: sha512-zMtYg0pIeS1gXrrQDfzriPdemtgqQr7QqUdWW95PZ1+78Nj5vrLq6dwihaTKYodjH+NqmBUP9QFgXq34e4qlew==}
    hasBin: true
    dependencies:
      chokidar: 3.5.2
      debounce-fn: 5.0.0
      get-port: 6.0.0
      local-access: 1.1.0
      mime: 3.0.0
      sade: 1.7.4
    dev: true

  /@lezer/common/0.15.7:
    resolution: {integrity: sha512-Rw8TDJnBzZnkyzIXs1Tmmd241FrBLJBj8gkdy3y0joGFb8Z4I/joKEsR+gv1pb13o1TMsZxm3fmP+d/wPt2CTQ==}
    dev: false

  /@lezer/css/0.15.2:
    resolution: {integrity: sha512-tnMOMZY0Zs6JQeVjqfmREYMV0GnmZR1NitndLWioZMD6mA7VQF/PPKPmJX1f+ZgVZQc5Am0df9mX3aiJnNJlKQ==}
    dependencies:
      '@lezer/lr': 0.15.4
    dev: false

  /@lezer/javascript/0.15.1:
    resolution: {integrity: sha512-EnfO9MF2yDMpN2DEovPbKKdi4tj1phuolBxcEDC35cx+OUfToweMOEBZHr/nhHI79+6HkLMoCK2coch+PT+oBA==}
    dependencies:
      '@lezer/lr': 0.15.4
    dev: false

  /@lezer/lr/0.15.4:
    resolution: {integrity: sha512-vwgG80sihEGJn6wJp6VijXrnzVai/KPva/OzYKaWvIx0IiXKjoMQ8UAwcgpSBwfS4Fbz3IKOX/cCNXU3r1FvpQ==}
    dependencies:
      '@lezer/common': 0.15.7
    dev: false

  /@tsconfig/svelte/2.0.1:
    resolution: {integrity: sha512-aqkICXbM1oX5FfgZd2qSSAGdyo/NRxjWCamxoyi3T8iVQnzGge19HhDYzZ6NrVOW7bhcWNSq9XexWFtMzbB24A==}
    dev: true

  /@types/node/16.11.7:
    resolution: {integrity: sha512-QB5D2sqfSjCmTuWcBWyJ+/44bcjO7VbjSbOE0ucoVbAsSNQc4Lt6QkgkVXkTDwkL4z/beecZNDvVX15D4P8Jbw==}
    dev: true

  /anymatch/3.1.2:
    resolution: {integrity: sha512-P43ePfOAIupkguHUycrc4qJ9kz8ZiuOUijaETwX7THt0Y/GNK7v0aa8rY816xWjZ7rJdA5XdMcpVFTKMq+RvWg==}
    engines: {node: '>= 8'}
    dependencies:
      normalize-path: 3.0.0
      picomatch: 2.3.0
    dev: true

  /binary-extensions/2.2.0:
    resolution: {integrity: sha512-jDctJ/IVQbZoJykoeHbhXpOlNBqGNcwXJKJog42E5HDPUwQTSdjCHdihjj0DlnheQ7blbT6dHOafNAiS8ooQKA==}
    engines: {node: '>=8'}
    dev: true

  /braces/3.0.2:
    resolution: {integrity: sha512-b8um+L1RzM3WDSzvhm6gIz1yfTbBt6YTlcEKAvsmqCZZFw46z626lVj9j1yEPW33H5H+lBQpZMP1k8l+78Ha0A==}
    engines: {node: '>=8'}
    dependencies:
      fill-range: 7.0.1
    dev: true

  /chokidar/3.5.2:
    resolution: {integrity: sha512-ekGhOnNVPgT77r4K/U3GDhu+FQ2S8TnK/s2KbIGXi0SZWuwkZ2QNyfWdZW+TVfn84DpEP7rLeCt2UI6bJ8GwbQ==}
    engines: {node: '>= 8.10.0'}
    dependencies:
      anymatch: 3.1.2
      braces: 3.0.2
      glob-parent: 5.1.2
      is-binary-path: 2.1.0
      is-glob: 4.0.3
      normalize-path: 3.0.0
      readdirp: 3.6.0
    optionalDependencies:
      fsevents: 2.3.2
    dev: true

  /crelt/1.0.5:
    resolution: {integrity: sha512-+BO9wPPi+DWTDcNYhr/W90myha8ptzftZT+LwcmUbbok0rcP/fequmFYCw8NMoH7pkAZQzU78b3kYrlua5a9eA==}
    dev: false

  /debounce-fn/5.0.0:
    resolution: {integrity: sha512-y0u25m4GMdDJ1oHX4ziszas15E4ryNoeFkQuZM/Z6yTy8jB8ity/jqSNWnQUi/csBBaQIad6Zd8eI1xKwtbFzw==}
    engines: {node: '>=12'}
    dependencies:
      mimic-fn: 3.1.0
    dev: true

  /esbuild-android-arm64/0.13.14:
    resolution: {integrity: sha512-Q+Xhfp827r+ma8/DJgpMRUbDZfefsk13oePFEXEIJ4gxFbNv5+vyiYXYuKm43/+++EJXpnaYmEnu4hAKbAWYbA==}
    cpu: [arm64]
    os: [android]
    requiresBuild: true
    dev: true
    optional: true

  /esbuild-darwin-64/0.13.14:
    resolution: {integrity: sha512-YmOhRns6QBNSjpVdTahi/yZ8dscx9ai7a6OY6z5ACgOuQuaQ2Qk2qgJ0/siZ6LgD0gJFMV8UINFV5oky5TFNQQ==}
    cpu: [x64]
    os: [darwin]
    requiresBuild: true
    dev: true
    optional: true

  /esbuild-darwin-arm64/0.13.14:
    resolution: {integrity: sha512-Lp00VTli2jqZghSa68fx3fEFCPsO1hK59RMo1PRap5RUjhf55OmaZTZYnCDI0FVlCtt+gBwX5qwFt4lc6tI1xg==}
    cpu: [arm64]
    os: [darwin]
    requiresBuild: true
    dev: true
    optional: true

  /esbuild-freebsd-64/0.13.14:
    resolution: {integrity: sha512-BKosI3jtvTfnmsCW37B1TyxMUjkRWKqopR0CE9AF2ratdpkxdR24Vpe3gLKNyWiZ7BE96/SO5/YfhbPUzY8wKw==}
    cpu: [x64]
    os: [freebsd]
    requiresBuild: true
    dev: true
    optional: true

  /esbuild-freebsd-arm64/0.13.14:
    resolution: {integrity: sha512-yd2uh0yf+fWv5114+SYTl4/1oDWtr4nN5Op+PGxAkMqHfYfLjFKpcxwCo/QOS/0NWqPVE8O41IYZlFhbEN2B8Q==}
    cpu: [arm64]
    os: [freebsd]
    requiresBuild: true
    dev: true
    optional: true

  /esbuild-linux-32/0.13.14:
    resolution: {integrity: sha512-a8rOnS1oWSfkkYWXoD2yXNV4BdbDKA7PNVQ1klqkY9SoSApL7io66w5H44mTLsfyw7G6Z2vLlaLI2nz9MMAowA==}
    cpu: [ia32]
    os: [linux]
    requiresBuild: true
    dev: true
    optional: true

  /esbuild-linux-64/0.13.14:
    resolution: {integrity: sha512-yPZSoMs9W2MC3Dw+6kflKt5FfQm6Dicex9dGIr1OlHRsn3Hm7yGMUTctlkW53KknnZdOdcdd5upxvbxqymczVQ==}
    cpu: [x64]
    os: [linux]
    requiresBuild: true
    dev: true
    optional: true

  /esbuild-linux-arm/0.13.14:
    resolution: {integrity: sha512-8chZE4pkKRvJ/M/iwsNQ1KqsRg2RyU5eT/x2flNt/f8F2TVrDreR7I0HEeCR50wLla3B1C3wTIOzQBmjuc6uWg==}
    cpu: [arm]
    os: [linux]
    requiresBuild: true
    dev: true
    optional: true

  /esbuild-linux-arm64/0.13.14:
    resolution: {integrity: sha512-Lvo391ln9PzC334e+jJ2S0Rt0cxP47eoH5gFyv/E8HhOnEJTvm7A+RRnMjjHnejELacTTfYgFGQYPjLsi/jObQ==}
    cpu: [arm64]
    os: [linux]
    requiresBuild: true
    dev: true
    optional: true

  /esbuild-linux-mips64le/0.13.14:
    resolution: {integrity: sha512-MZhgxbmrWbpY3TOE029O6l5tokG9+Yoj2hW7vdit/d/VnmneqeGrSHADuDL6qXM8L5jaCiaivb4VhsyVCpdAbQ==}
    cpu: [mips64el]
    os: [linux]
    requiresBuild: true
    dev: true
    optional: true

  /esbuild-linux-ppc64le/0.13.14:
    resolution: {integrity: sha512-un7KMwS7fX1Un6BjfSZxTT8L5cV/8Uf4SAhM7WYy2XF8o8TI+uRxxD03svZnRNIPsN2J5cl6qV4n7Iwz+yhhVw==}
    cpu: [ppc64]
    os: [linux]
    requiresBuild: true
    dev: true
    optional: true

  /esbuild-netbsd-64/0.13.14:
    resolution: {integrity: sha512-5ekKx/YbOmmlTeNxBjh38Uh5TGn5C4uyqN17i67k18pS3J+U2hTVD7rCxcFcRS1AjNWumkVL3jWqYXadFwMS0Q==}
    cpu: [x64]
    os: [netbsd]
    requiresBuild: true
    dev: true
    optional: true

  /esbuild-openbsd-64/0.13.14:
    resolution: {integrity: sha512-9bzvwewHjct2Cv5XcVoE1yW5YTW12Sk838EYfA46abgnhxGoFSD1mFcaztp5HHC43AsF+hQxbSFG/RilONARUA==}
    cpu: [x64]
    os: [openbsd]
    requiresBuild: true
    dev: true
    optional: true

  /esbuild-sunos-64/0.13.14:
    resolution: {integrity: sha512-mjMrZB76M6FmoiTvj/RGWilrioR7gVwtFBRVugr9qLarXMIU1W/pQx+ieEOtflrW61xo8w1fcxyHsVVGRvoQ0w==}
    cpu: [x64]
    os: [sunos]
    requiresBuild: true
    dev: true
    optional: true

  /esbuild-windows-32/0.13.14:
    resolution: {integrity: sha512-GZa6mrx2rgfbH/5uHg0Rdw50TuOKbdoKCpEBitzmG5tsXBdce+cOL+iFO5joZc6fDVCLW3Y6tjxmSXRk/v20Hg==}
    cpu: [ia32]
    os: [win32]
    requiresBuild: true
    dev: true
    optional: true

  /esbuild-windows-64/0.13.14:
    resolution: {integrity: sha512-Lsgqah24bT7ClHjLp/Pj3A9wxjhIAJyWQcrOV4jqXAFikmrp2CspA8IkJgw7HFjx6QrJuhpcKVbCAe/xw0i2yw==}
    cpu: [x64]
    os: [win32]
    requiresBuild: true
    dev: true
    optional: true

  /esbuild-windows-arm64/0.13.14:
    resolution: {integrity: sha512-KP8FHVlWGhM7nzYtURsGnskXb/cBCPTfj0gOKfjKq2tHtYnhDZywsUG57nk7TKhhK0fL11LcejHG3LRW9RF/9A==}
    cpu: [arm64]
    os: [win32]
    requiresBuild: true
    dev: true
    optional: true

  /esbuild/0.13.14:
    resolution: {integrity: sha512-xu4D+1ji9x53ocuomcY+KOrwAnWzhBu/wTEjpdgZ8I1c8i5vboYIeigMdzgY1UowYBKa2vZgVgUB32bu7gkxeg==}
    hasBin: true
    requiresBuild: true
    optionalDependencies:
      esbuild-android-arm64: 0.13.14
      esbuild-darwin-64: 0.13.14
      esbuild-darwin-arm64: 0.13.14
      esbuild-freebsd-64: 0.13.14
      esbuild-freebsd-arm64: 0.13.14
      esbuild-linux-32: 0.13.14
      esbuild-linux-64: 0.13.14
      esbuild-linux-arm: 0.13.14
      esbuild-linux-arm64: 0.13.14
      esbuild-linux-mips64le: 0.13.14
      esbuild-linux-ppc64le: 0.13.14
      esbuild-netbsd-64: 0.13.14
      esbuild-openbsd-64: 0.13.14
      esbuild-sunos-64: 0.13.14
      esbuild-windows-32: 0.13.14
      esbuild-windows-64: 0.13.14
      esbuild-windows-arm64: 0.13.14
    dev: true

  /fill-range/7.0.1:
    resolution: {integrity: sha512-qOo9F+dMUmC2Lcb4BbVvnKJxTPjCm+RRpe4gDuGrzkL7mEVl/djYSu2OdQ2Pa302N4oqkSg9ir6jaLWJ2USVpQ==}
    engines: {node: '>=8'}
    dependencies:
      to-regex-range: 5.0.1
    dev: true

  /fsevents/2.3.2:
    resolution: {integrity: sha512-xiqMQR4xAeHTuB9uWm+fFRcIOgKBMiOBP+eXiyT7jsgVCq1bkVygt00oASowB7EdtpOHaaPgKt812P9ab+DDKA==}
    engines: {node: ^8.16.0 || ^10.6.0 || >=11.0.0}
    os: [darwin]
    requiresBuild: true
    dev: true
    optional: true

  /get-port/6.0.0:
    resolution: {integrity: sha512-qSVkVF6Eq1GdL/cBNiFuP4nUHMF7OEMTqEjC6alR2N90u8BFOoO0PFhNTX2QtAUoGrz8NnrSWj85TZ8YXZ6LOA==}
    engines: {node: ^12.20.0 || ^14.13.1 || >=16.0.0}
    dev: true

  /glob-parent/5.1.2:
    resolution: {integrity: sha512-AOIgSQCepiJYwP3ARnGx+5VnTu2HBYdzbGP45eLw1vr3zB3vZLeyed1sC9hnbcOc9/SrMyM5RPQrkGz4aS9Zow==}
    engines: {node: '>= 6'}
    dependencies:
      is-glob: 4.0.3
    dev: true

  /highlight.js/11.3.1:
    resolution: {integrity: sha512-PUhCRnPjLtiLHZAQ5A/Dt5F8cWZeMyj9KRsACsWT+OD6OP0x6dp5OmT5jdx0JgEyPxPZZIPQpRN2TciUT7occw==}
    engines: {node: '>=12.0.0'}
    dev: false

  /is-binary-path/2.1.0:
    resolution: {integrity: sha512-ZMERYes6pDydyuGidse7OsHxtbI7WVeUEozgR/g7rd0xUimYNlvZRE/K2MgZTjWy725IfelLeVcEM97mmtRGXw==}
    engines: {node: '>=8'}
    dependencies:
      binary-extensions: 2.2.0
    dev: true

  /is-extglob/2.1.1:
    resolution: {integrity: sha1-qIwCU1eR8C7TfHahueqXc8gz+MI=}
    engines: {node: '>=0.10.0'}
    dev: true

  /is-glob/4.0.3:
    resolution: {integrity: sha512-xelSayHH36ZgE7ZWhli7pW34hNbNl8Ojv5KVmkJD4hBdD3th8Tfk9vYasLM+mXWOZhFkgZfxhLSnrwRr4elSSg==}
    engines: {node: '>=0.10.0'}
    dependencies:
      is-extglob: 2.1.1
    dev: true

  /is-number/7.0.0:
    resolution: {integrity: sha512-41Cifkg6e8TylSpdtTpeLVMqvSBEVzTttHvERD741+pnZ8ANv0004MRL43QKPDlK9cGvNp6NZWZUBlbGXYxxng==}
    engines: {node: '>=0.12.0'}
    dev: true

  /local-access/1.1.0:
    resolution: {integrity: sha512-XfegD5pyTAfb+GY6chk283Ox5z8WexG56OvM06RWLpAc/UHozO8X6xAxEkIitZOtsSMM1Yr3DkHgW5W+onLhCw==}
    engines: {node: '>=6'}
    dev: true

  /mime/3.0.0:
    resolution: {integrity: sha512-jSCU7/VB1loIWBZe14aEYHU/+1UMEHoaO7qxCOVJOw9GgH72VAWppxNcjU+x9a2k3GSIBXNKxXQFqRvvZ7vr3A==}
    engines: {node: '>=10.0.0'}
    hasBin: true
    dev: true

  /mimic-fn/3.1.0:
    resolution: {integrity: sha512-Ysbi9uYW9hFyfrThdDEQuykN4Ey6BuwPD2kpI5ES/nFTDn/98yxYNLZJcgUAKPT/mcrLLKaGzJR9YVxJrIdASQ==}
    engines: {node: '>=8'}
    dev: true

  /mri/1.2.0:
    resolution: {integrity: sha512-tzzskb3bG8LvYGFF/mDTpq3jpI6Q9wc3LEmBaghu+DdCssd1FakN7Bc0hVNmEyGq1bq3RgfkCb3cmQLpNPOroA==}
    engines: {node: '>=4'}
    dev: true

  /normalize-path/3.0.0:
    resolution: {integrity: sha512-6eZs5Ls3WtCisHWp9S2GUy8dqkpGi4BVSz3GaqiE6ezub0512ESztXUwUB6C6IKbQkY2Pnb/mD4WYojCRwcwLA==}
    engines: {node: '>=0.10.0'}
    dev: true

  /picomatch/2.3.0:
    resolution: {integrity: sha512-lY1Q/PiJGC2zOv/z391WOTD+Z02bCgsFfvxoXXf6h7kv9o+WmsmzYqrAwY63sNgOxE4xEdq0WyUnXfKeBrSvYw==}
    engines: {node: '>=8.6'}
    dev: true

  /pretty-bytes/5.6.0:
    resolution: {integrity: sha512-FFw039TmrBqFK8ma/7OL3sDz/VytdtJr044/QUJtH0wK9lb9jLq9tJyIxUwtQJHwar2BqtiA4iCWSwo9JLkzFg==}
    engines: {node: '>=6'}
    dev: true

  /readdirp/3.6.0:
    resolution: {integrity: sha512-hOS089on8RduqdbhvQ5Z37A0ESjsqz6qnRcffsMU3495FuTdqSm+7bhJ29JvIOsBDEEnan5DPu9t3To9VRlMzA==}
    engines: {node: '>=8.10.0'}
    dependencies:
      picomatch: 2.3.0
    dev: true

  /sade/1.7.4:
    resolution: {integrity: sha512-y5yauMD93rX840MwUJr7C1ysLFBgMspsdTo4UVrDg3fXDvtwOyIqykhVAAm6fk/3au77773itJStObgK+LKaiA==}
    engines: {node: '>= 6'}
    dependencies:
      mri: 1.2.0
    dev: true

  /selector-observer/2.1.6:
    resolution: {integrity: sha512-/I0XLOlDbzk9tnZUqNos/2cshOxTNk1QhoXtJRR8OZ4JjVfXq6JUjqo4icPDQ8fzNr2uQ32mfOzJ6sXPao/6MA==}
    dependencies:
      selector-set: 1.1.5
    dev: false

  /selector-set/1.1.5:
    resolution: {integrity: sha512-6SQw6yMew5iOZ8/cDHDEnJWRM4ot2mxP6szZyF5ptrBogw4AcS4EXRj/8BUfgAMwVfdL84qpModlBMOl2NVrsQ==}
    dev: false

  /style-mod/4.0.0:
    resolution: {integrity: sha512-OPhtyEjyyN9x3nhPsu76f52yUGXiZcgvsrFVtvTkyGRQJ0XK+GPc6ov1z+lRpbeabka+MYEQxOYRnt5nF30aMw==}
    dev: false

  /svelte/3.44.1:
    resolution: {integrity: sha512-4DrCEJoBvdR689efHNSxIQn2pnFwB7E7j2yLEJtHE/P8hxwZWIphCtJ8are7bjl/iVMlcEf5uh5pJ68IwR09vQ==}
    engines: {node: '>= 8'}
    dev: true

  /to-regex-range/5.0.1:
    resolution: {integrity: sha512-65P7iz6X5yEr1cwcgvQxbbIw7Uk3gOy5dIdtZ4rDveLqhrdJP+Li/Hx6tyK0NEb+2GCyneCMJiGqrADCSNk8sQ==}
    engines: {node: '>=8.0'}
    dependencies:
      is-number: 7.0.0
    dev: true

  /type-fest/2.5.3:
    resolution: {integrity: sha512-7VNmE7FlsrdcWjKbtuRuynZz96Gmf35p5DvoR2tbceNP0vd58ISx87PvUUInlhtRC49vSX6qlxEKc7AoiHRirg==}
    engines: {node: '>=12.20'}
    dev: true

  /w3c-keyname/2.2.4:
    resolution: {integrity: sha512-tOhfEwEzFLJzf6d1ZPkYfGj+FWhIpBux9ppoP3rlclw3Z0BZv3N7b7030Z1kYth+6rDuAsXUFr+d0VE6Ed1ikw==}
    dev: false
