lockfileVersion: 5.3

specifiers:
  '@codemirror/basic-setup': ^0.19.0
  '@codemirror/commands': ^0.19.5
  '@codemirror/lang-css': ^0.19.3
  '@codemirror/lang-javascript': ^0.19.2
  '@codemirror/view': ^0.19.12
  '@github/textarea-autosize': ^0.2.2
  '@hyrious/esbuild-dev': ^0.5.0
  '@hyrious/rimraf': ^0.1.0
  '@hyrious/shellwords': ^0.1.1
  '@hyrious/w7': ^0.1.7
  '@tsconfig/svelte': ^2.0.1
  '@types/node': ^16.11.6
  chokidar: ^3.5.2
  concurrently: ^6.3.0
  debounce-fn: ^5.0.0
  esbuild: ^0.13.12
  highlight.js: ^11.3.1
  pretty-bytes: ^5.6.0
  selector-observer: ^2.1.6
  svelte: ^3.44.1
  type-fest: ^2.5.2

dependencies:
  '@codemirror/basic-setup': 0.19.0
  '@codemirror/commands': 0.19.5
  '@codemirror/lang-css': 0.19.3
  '@codemirror/lang-javascript': 0.19.2
  '@codemirror/view': 0.19.12
  '@github/textarea-autosize': 0.2.2
  '@hyrious/shellwords': 0.1.1
  highlight.js: 11.3.1
  selector-observer: 2.1.6

devDependencies:
  '@hyrious/esbuild-dev': 0.5.0
  '@hyrious/rimraf': 0.1.0
  '@hyrious/w7': 0.1.7
  '@tsconfig/svelte': 2.0.1
  '@types/node': 16.11.6
  chokidar: 3.5.2
  concurrently: 6.3.0
  debounce-fn: 5.0.0
  esbuild: 0.13.12
  pretty-bytes: 5.6.0
  svelte: 3.44.1
  type-fest: 2.5.2

packages:

  /@codemirror/autocomplete/0.19.4:
    resolution: {integrity: sha512-Wuuf4xZ9opIpUwMvxFMknC1C202qtTx1q5bS1GuMnTK4lBYoG+tekpAqlLBF3x6fEe2+fw6dRLwYTigtCuS7pQ==}
    dependencies:
      '@codemirror/language': 0.19.3
      '@codemirror/state': 0.19.3
      '@codemirror/text': 0.19.5
      '@codemirror/tooltip': 0.19.4
      '@codemirror/view': 0.19.12
      '@lezer/common': 0.15.7
    dev: false

  /@codemirror/basic-setup/0.19.0:
    resolution: {integrity: sha512-Yhrf7fIz8+INHWOhpWeRwbs8fpc0KsydX9baD7TyYqniLVWyTi0Hwm52mr0f5O+k4YaJPeHAgT3x9gzDXZIvOw==}
    dependencies:
      '@codemirror/autocomplete': 0.19.4
      '@codemirror/closebrackets': 0.19.0
      '@codemirror/commands': 0.19.5
      '@codemirror/comment': 0.19.0
      '@codemirror/fold': 0.19.1
      '@codemirror/gutter': 0.19.4
      '@codemirror/highlight': 0.19.6
      '@codemirror/history': 0.19.0
      '@codemirror/language': 0.19.3
      '@codemirror/lint': 0.19.2
      '@codemirror/matchbrackets': 0.19.3
      '@codemirror/rectangular-selection': 0.19.1
      '@codemirror/search': 0.19.2
      '@codemirror/state': 0.19.3
      '@codemirror/view': 0.19.12
    dev: false

  /@codemirror/closebrackets/0.19.0:
    resolution: {integrity: sha512-dFWX5OEVYWRNtGaifSbwIAlymnRRjxWMiMbffbAjF7p0zfGHDbdGkiT56q3Xud63h5/tQdSo5dK1iyNTzHz5vg==}
    dependencies:
      '@codemirror/language': 0.19.3
      '@codemirror/rangeset': 0.19.1
      '@codemirror/state': 0.19.3
      '@codemirror/text': 0.19.5
      '@codemirror/view': 0.19.12
    dev: false

  /@codemirror/commands/0.19.5:
    resolution: {integrity: sha512-8PZOtx7d/GbKhFYA88zs2wINDtaUgj3pEjLYScKTd/Vsyw8qOp86tJQQNnMFTRZj/ISQl9Lbg3aAmHvroMqspw==}
    dependencies:
      '@codemirror/language': 0.19.3
      '@codemirror/matchbrackets': 0.19.3
      '@codemirror/state': 0.19.3
      '@codemirror/text': 0.19.5
      '@codemirror/view': 0.19.12
      '@lezer/common': 0.15.7
    dev: false

  /@codemirror/comment/0.19.0:
    resolution: {integrity: sha512-3hqAd0548fxqOBm4khFMcXVIivX8p0bSlbAuZJ6PNoUn/0wXhxkxowPp0FmFzU2+y37Z+ZQF5cRB5EREWPRIiQ==}
    dependencies:
      '@codemirror/state': 0.19.3
      '@codemirror/text': 0.19.5
      '@codemirror/view': 0.19.12
    dev: false

  /@codemirror/fold/0.19.1:
    resolution: {integrity: sha512-3GwQpxgv03urb8BPBvX1JSjl+uMXKqngRG6qHZXSM2FefxFKvTuyL44MCb35aodtfKjGwoxizk+7b6CbAOLyOw==}
    dependencies:
      '@codemirror/gutter': 0.19.4
      '@codemirror/language': 0.19.3
      '@codemirror/rangeset': 0.19.1
      '@codemirror/state': 0.19.3
      '@codemirror/view': 0.19.12
    dev: false

  /@codemirror/gutter/0.19.4:
    resolution: {integrity: sha512-zcDtGafuzLs9mvSBqHVuLNbS4UpHBo1+DRY6NtZfC31bV8abDxOPgokq2+6UsVPQp+RA1LgmPHatp4gOYSM+cA==}
    dependencies:
      '@codemirror/rangeset': 0.19.1
      '@codemirror/state': 0.19.3
      '@codemirror/view': 0.19.12
    dev: false

  /@codemirror/highlight/0.19.6:
    resolution: {integrity: sha512-+eibu6on9quY8uN3xJ/n3rH+YIDLlpX7YulVmFvqAIz/ukRQ5tWaBmB7fMixHmnmRIRBRZgB8rNtonuMwZSAHQ==}
    dependencies:
      '@codemirror/language': 0.19.3
      '@codemirror/rangeset': 0.19.1
      '@codemirror/state': 0.19.3
      '@codemirror/view': 0.19.12
      '@lezer/common': 0.15.7
      style-mod: 4.0.0
    dev: false

  /@codemirror/history/0.19.0:
    resolution: {integrity: sha512-E0H+lncH66IMDhaND9jgkjE7s0dhYfjCPmS+Ig2Yes9I8+UIEecIdObj8c8HPCFGctGg3fxXqRAw2mdHl2Wouw==}
    dependencies:
      '@codemirror/state': 0.19.3
      '@codemirror/view': 0.19.12
    dev: false

  /@codemirror/lang-css/0.19.3:
    resolution: {integrity: sha512-tyCUJR42/UlfOPLb94/p7dN+IPsYSIzHbAHP2KQHANj0I+Orqp+IyIOS++M8TuCX4zkWh9dvi8s92yy/Tn8Ifg==}
    dependencies:
      '@codemirror/autocomplete': 0.19.4
      '@codemirror/highlight': 0.19.6
      '@codemirror/language': 0.19.3
      '@codemirror/state': 0.19.3
      '@lezer/css': 0.15.2
    dev: false

  /@codemirror/lang-javascript/0.19.2:
    resolution: {integrity: sha512-qNFjCSTWOTZ/KusoVx3CxjmNS37DrhVoVO9E1IkrIMVC3tkk8Hs2eA6HNMxT4VGp5O+0yBmf1DE2o5QQSMs0jg==}
    dependencies:
      '@codemirror/autocomplete': 0.19.4
      '@codemirror/highlight': 0.19.6
      '@codemirror/language': 0.19.3
      '@codemirror/lint': 0.19.2
      '@codemirror/state': 0.19.3
      '@codemirror/view': 0.19.12
      '@lezer/javascript': 0.15.0
    dev: false

  /@codemirror/language/0.19.3:
    resolution: {integrity: sha512-6vjkRYHRJg/z9wdAk75nU2fQwCJBsh2HpkIjKXIHfzISSgLt5qSDxVhPd8Uu8PD5WMmFFP8tX7I9kdIt873o0A==}
    dependencies:
      '@codemirror/state': 0.19.3
      '@codemirror/text': 0.19.5
      '@codemirror/view': 0.19.12
      '@lezer/common': 0.15.7
      '@lezer/lr': 0.15.4
    dev: false

  /@codemirror/lint/0.19.2:
    resolution: {integrity: sha512-477qvXWwuf24YsBi1DzjrGyzM+qfPe5L4xEHGxQTGOMq6R0+QAFKppOJsxN3y7gzDpLrZSYZdhJzWevOuliZQg==}
    dependencies:
      '@codemirror/panel': 0.19.0
      '@codemirror/state': 0.19.3
      '@codemirror/tooltip': 0.19.4
      '@codemirror/view': 0.19.12
      crelt: 1.0.5
    dev: false

  /@codemirror/matchbrackets/0.19.3:
    resolution: {integrity: sha512-ljkrBxaLgh8jesroUiBa57pdEwqJamxkukXrJpL9LdyFZVJaF+9TldhztRaMsMZO1XnCSSHQ9sg32iuHo7Sc2g==}
    dependencies:
      '@codemirror/language': 0.19.3
      '@codemirror/state': 0.19.3
      '@codemirror/view': 0.19.12
      '@lezer/common': 0.15.7
    dev: false

  /@codemirror/panel/0.19.0:
    resolution: {integrity: sha512-LJuu49xnuhaAztlhnLJQ57ddOirSyf8/lnl7twsQUG/05RkxodBZ9F7q8r5AOLqOkaQOy9WySEKX1Ur8lD9Q5w==}
    dependencies:
      '@codemirror/state': 0.19.3
      '@codemirror/view': 0.19.12
    dev: false

  /@codemirror/rangeset/0.19.1:
    resolution: {integrity: sha512-WaKTEw8JB/3QFlQzpdgRoklopcWvG8O/Xp+rxxOfFKYTaeaejpY/tjpyBBg+Ea65Ka3m7+pPp9d5j/oR2rd9NA==}
    dependencies:
      '@codemirror/state': 0.19.3
    dev: false

  /@codemirror/rectangular-selection/0.19.1:
    resolution: {integrity: sha512-9ElnqOg3mpZIWe0prPRd1SZ48Q9QB3bR8Aocq8UtjboJSUG8ABhRrbuTZMW/rMqpBPSjVpCe9xkCCkEQMYQVmw==}
    dependencies:
      '@codemirror/state': 0.19.3
      '@codemirror/text': 0.19.5
      '@codemirror/view': 0.19.12
    dev: false

  /@codemirror/search/0.19.2:
    resolution: {integrity: sha512-TrRxUxyJ/a7HXtUvMZhgkOUbKE1xO33UhXjn1XACEHKWhgovw1vEeEEti9dZejN8/QOOFJed39InUxmp7oQ8HA==}
    dependencies:
      '@codemirror/panel': 0.19.0
      '@codemirror/rangeset': 0.19.1
      '@codemirror/state': 0.19.3
      '@codemirror/text': 0.19.5
      '@codemirror/view': 0.19.12
      crelt: 1.0.5
    dev: false

  /@codemirror/state/0.19.3:
    resolution: {integrity: sha512-mMCOQWB4Kua/XPYRsY95IwX+uDcoD+n4G0FTDi0jNJHYoyWTkPpHjT6zt6mfl4kpqwqBJ8/WQBuztvpstblvvQ==}
    dependencies:
      '@codemirror/text': 0.19.5
    dev: false

  /@codemirror/text/0.19.5:
    resolution: {integrity: sha512-Syu5Xc7tZzeUAM/y4fETkT0zgGr48rDG+w4U38bPwSIUr+L9S/7w2wDE1WGNzjaZPz12F6gb1gxWiSTg9ocLow==}
    dev: false

  /@codemirror/tooltip/0.19.4:
    resolution: {integrity: sha512-DTv6SOzjw8LbHdTd2FszpIkQCUKRl0dqh1pWqawR31Lu/ZCz1nOiOY1sxkiEZVXMTFg44V0Uff0YlY6mTVK2DQ==}
    dependencies:
      '@codemirror/state': 0.19.3
      '@codemirror/view': 0.19.12
    dev: false

  /@codemirror/view/0.19.12:
    resolution: {integrity: sha512-nvgqUaIGaRfCwpa/BI83SsOOenEoxBp6PlXBdw+jSfxgYGAYIdB3kuPzExPixZemvu7+ZoJRO2iEjCKigLIOaA==}
    dependencies:
      '@codemirror/rangeset': 0.19.1
      '@codemirror/state': 0.19.3
      '@codemirror/text': 0.19.5
      style-mod: 4.0.0
      w3c-keyname: 2.2.4
    dev: false

  /@github/textarea-autosize/0.2.2:
    resolution: {integrity: sha512-HccwnMFE2TfceUGdAS/PsePS05hs68sMp1MBkRVu2IBzZe0ytt7anBfD+EweGF7ijUPOstFfrBXBjSdLBMzVmg==}
    dev: false

  /@hyrious/esbuild-dev/0.5.0:
    resolution: {integrity: sha512-Po29q1nPM1sKFEBeaknVbbViPDBnW4h+dUFIQVkCMrr7OrlPEJxvYD4zpsbBuaWCPXu49QoOyq1ImL28GEqRgg==}
    engines: {node: '>=14.8.0'}
    hasBin: true
    dependencies:
      esbuild: 0.13.12
    dev: true

  /@hyrious/rimraf/0.1.0:
    resolution: {integrity: sha512-EvPZVRkyJTzoBHOswuVK2hSAFGIfu9E0S7sCfOc7mvA+l2t1PxNZPVAflZuU/FJIzmV7wZAO57ISqf1j3wxFjA==}
    engines: {node: '>=14.14.0'}
    hasBin: true
    dev: true

  /@hyrious/shellwords/0.1.1:
    resolution: {integrity: sha512-ZludTq2ojPjF2p8iKgjvdrs1oE/raY23jwAGj0N6saZSL1LH6jhVJrE653PfnBqYY2W/WVpb5wTzGEO0YhFcog==}
    engines: {node: '>=12.2.0'}
    dev: false

  /@hyrious/w7/0.1.7:
    resolution: {integrity: sha512-y8YlnkzCkWCaQqUlCLlrJIdiYh3tTXgrHy7bDNnXuWhfpbgdMchDRU5zYEo/pA69SGy8LQvFYH8TcaznHI/2kQ==}
    hasBin: true
    dependencies:
      chokidar: 3.5.2
      debounce-fn: 5.0.0
      get-port: 6.0.0
      local-access: 1.1.0
      mime: 3.0.0
      sade: 1.7.4
    dev: true

  /@lezer/common/0.15.7:
    resolution: {integrity: sha512-Rw8TDJnBzZnkyzIXs1Tmmd241FrBLJBj8gkdy3y0joGFb8Z4I/joKEsR+gv1pb13o1TMsZxm3fmP+d/wPt2CTQ==}
    dev: false

  /@lezer/css/0.15.2:
    resolution: {integrity: sha512-tnMOMZY0Zs6JQeVjqfmREYMV0GnmZR1NitndLWioZMD6mA7VQF/PPKPmJX1f+ZgVZQc5Am0df9mX3aiJnNJlKQ==}
    dependencies:
      '@lezer/lr': 0.15.4
    dev: false

  /@lezer/javascript/0.15.0:
    resolution: {integrity: sha512-euFjbbyYmxpBls9FyBAKnGLEjaMFqfHvhfueA7M1PitZdieHu8KSblutmcwjpWKIV4eH4uElMZO2cPVe0aFxXA==}
    dependencies:
      '@lezer/lr': 0.15.4
    dev: false

  /@lezer/lr/0.15.4:
    resolution: {integrity: sha512-vwgG80sihEGJn6wJp6VijXrnzVai/KPva/OzYKaWvIx0IiXKjoMQ8UAwcgpSBwfS4Fbz3IKOX/cCNXU3r1FvpQ==}
    dependencies:
      '@lezer/common': 0.15.7
    dev: false

  /@tsconfig/svelte/2.0.1:
    resolution: {integrity: sha512-aqkICXbM1oX5FfgZd2qSSAGdyo/NRxjWCamxoyi3T8iVQnzGge19HhDYzZ6NrVOW7bhcWNSq9XexWFtMzbB24A==}
    dev: true

  /@types/node/16.11.6:
    resolution: {integrity: sha512-ua7PgUoeQFjmWPcoo9khiPum3Pd60k4/2ZGXt18sm2Slk0W0xZTqt5Y0Ny1NyBiN1EVQ/+FaF9NcY4Qe6rwk5w==}
    dev: true

  /ansi-regex/5.0.1:
    resolution: {integrity: sha512-quJQXlTSUGL2LH9SUXo8VwsY4soanhgo6LNSm84E1LBcE8s3O0wpdiRzyR9z/ZZJMlMWv37qOOb9pdJlMUEKFQ==}
    engines: {node: '>=8'}
    dev: true

  /ansi-styles/4.3.0:
    resolution: {integrity: sha512-zbB9rCJAT1rbjiVDb2hqKFHNYLxgtk8NURxZ3IZwD3F6NtxbXZQCnnSi1Lkx+IDohdPlFp222wVALIheZJQSEg==}
    engines: {node: '>=8'}
    dependencies:
      color-convert: 2.0.1
    dev: true

  /anymatch/3.1.2:
    resolution: {integrity: sha512-P43ePfOAIupkguHUycrc4qJ9kz8ZiuOUijaETwX7THt0Y/GNK7v0aa8rY816xWjZ7rJdA5XdMcpVFTKMq+RvWg==}
    engines: {node: '>= 8'}
    dependencies:
      normalize-path: 3.0.0
      picomatch: 2.3.0
    dev: true

  /binary-extensions/2.2.0:
    resolution: {integrity: sha512-jDctJ/IVQbZoJykoeHbhXpOlNBqGNcwXJKJog42E5HDPUwQTSdjCHdihjj0DlnheQ7blbT6dHOafNAiS8ooQKA==}
    engines: {node: '>=8'}
    dev: true

  /braces/3.0.2:
    resolution: {integrity: sha512-b8um+L1RzM3WDSzvhm6gIz1yfTbBt6YTlcEKAvsmqCZZFw46z626lVj9j1yEPW33H5H+lBQpZMP1k8l+78Ha0A==}
    engines: {node: '>=8'}
    dependencies:
      fill-range: 7.0.1
    dev: true

  /chalk/4.1.2:
    resolution: {integrity: sha512-oKnbhFyRIXpUuez8iBMmyEa4nbj4IOQyuhc/wy9kY7/WVPcwIO9VA668Pu8RkO7+0G76SLROeyw9CpQ061i4mA==}
    engines: {node: '>=10'}
    dependencies:
      ansi-styles: 4.3.0
      supports-color: 7.2.0
    dev: true

  /chokidar/3.5.2:
    resolution: {integrity: sha512-ekGhOnNVPgT77r4K/U3GDhu+FQ2S8TnK/s2KbIGXi0SZWuwkZ2QNyfWdZW+TVfn84DpEP7rLeCt2UI6bJ8GwbQ==}
    engines: {node: '>= 8.10.0'}
    dependencies:
      anymatch: 3.1.2
      braces: 3.0.2
      glob-parent: 5.1.2
      is-binary-path: 2.1.0
      is-glob: 4.0.3
      normalize-path: 3.0.0
      readdirp: 3.6.0
    optionalDependencies:
      fsevents: 2.3.2
    dev: true

  /cliui/7.0.4:
    resolution: {integrity: sha512-OcRE68cOsVMXp1Yvonl/fzkQOyjLSu/8bhPDfQt0e0/Eb283TKP20Fs2MqoPsr9SwA595rRCA+QMzYc9nBP+JQ==}
    dependencies:
      string-width: 4.2.3
      strip-ansi: 6.0.1
      wrap-ansi: 7.0.0
    dev: true

  /color-convert/2.0.1:
    resolution: {integrity: sha512-RRECPsj7iu/xb5oKYcsFHSppFNnsj/52OVTRKb4zP5onXwVF3zVmmToNcOfGC+CRDpfK/U584fMg38ZHCaElKQ==}
    engines: {node: '>=7.0.0'}
    dependencies:
      color-name: 1.1.4
    dev: true

  /color-name/1.1.4:
    resolution: {integrity: sha512-dOy+3AuW3a2wNbZHIuMZpTcgjGuLU/uBL/ubcZF9OXbDo8ff4O8yVp5Bf0efS8uEoYo5q4Fx7dY9OgQGXgAsQA==}
    dev: true

  /concurrently/6.3.0:
    resolution: {integrity: sha512-k4k1jQGHHKsfbqzkUszVf29qECBrkvBKkcPJEUDTyVR7tZd1G/JOfnst4g1sYbFvJ4UjHZisj1aWQR8yLKpGPw==}
    engines: {node: '>=10.0.0'}
    hasBin: true
    dependencies:
      chalk: 4.1.2
      date-fns: 2.25.0
      lodash: 4.17.21
      rxjs: 6.6.7
      spawn-command: 0.0.2-1
      supports-color: 8.1.1
      tree-kill: 1.2.2
      yargs: 16.2.0
    dev: true

  /crelt/1.0.5:
    resolution: {integrity: sha512-+BO9wPPi+DWTDcNYhr/W90myha8ptzftZT+LwcmUbbok0rcP/fequmFYCw8NMoH7pkAZQzU78b3kYrlua5a9eA==}
    dev: false

  /date-fns/2.25.0:
    resolution: {integrity: sha512-ovYRFnTrbGPD4nqaEqescPEv1mNwvt+UTqI3Ay9SzNtey9NZnYu6E2qCcBBgJ6/2VF1zGGygpyTDITqpQQ5e+w==}
    engines: {node: '>=0.11'}
    dev: true

  /debounce-fn/5.0.0:
    resolution: {integrity: sha512-y0u25m4GMdDJ1oHX4ziszas15E4ryNoeFkQuZM/Z6yTy8jB8ity/jqSNWnQUi/csBBaQIad6Zd8eI1xKwtbFzw==}
    engines: {node: '>=12'}
    dependencies:
      mimic-fn: 3.1.0
    dev: true

  /emoji-regex/8.0.0:
    resolution: {integrity: sha512-MSjYzcWNOA0ewAHpz0MxpYFvwg6yjy1NG3xteoqz644VCo/RPgnr1/GGt+ic3iJTzQ8Eu3TdM14SawnVUmGE6A==}
    dev: true

  /esbuild-android-arm64/0.13.12:
    resolution: {integrity: sha512-TSVZVrb4EIXz6KaYjXfTzPyyRpXV5zgYIADXtQsIenjZ78myvDGaPi11o4ZSaHIwFHsuwkB6ne5SZRBwAQ7maw==}
    cpu: [arm64]
    os: [android]
    requiresBuild: true
    dev: true
    optional: true

  /esbuild-darwin-64/0.13.12:
    resolution: {integrity: sha512-c51C+N+UHySoV2lgfWSwwmlnLnL0JWj/LzuZt9Ltk9ub1s2Y8cr6SQV5W3mqVH1egUceew6KZ8GyI4nwu+fhsw==}
    cpu: [x64]
    os: [darwin]
    requiresBuild: true
    dev: true
    optional: true

  /esbuild-darwin-arm64/0.13.12:
    resolution: {integrity: sha512-JvAMtshP45Hd8A8wOzjkY1xAnTKTYuP/QUaKp5eUQGX+76GIie3fCdUUr2ZEKdvpSImNqxiZSIMziEiGB5oUmQ==}
    cpu: [arm64]
    os: [darwin]
    requiresBuild: true
    dev: true
    optional: true

  /esbuild-freebsd-64/0.13.12:
    resolution: {integrity: sha512-r6On/Skv9f0ZjTu6PW5o7pdXr8aOgtFOEURJZYf1XAJs0IQ+gW+o1DzXjVkIoT+n1cm3N/t1KRJfX71MPg/ZUA==}
    cpu: [x64]
    os: [freebsd]
    requiresBuild: true
    dev: true
    optional: true

  /esbuild-freebsd-arm64/0.13.12:
    resolution: {integrity: sha512-F6LmI2Q1gii073kmBE3NOTt/6zLL5zvZsxNLF8PMAwdHc+iBhD1vzfI8uQZMJA1IgXa3ocr3L3DJH9fLGXy6Yw==}
    cpu: [arm64]
    os: [freebsd]
    requiresBuild: true
    dev: true
    optional: true

  /esbuild-linux-32/0.13.12:
    resolution: {integrity: sha512-U1UZwG3UIwF7/V4tCVAo/nkBV9ag5KJiJTt+gaCmLVWH3bPLX7y+fNlhIWZy8raTMnXhMKfaTvWZ9TtmXzvkuQ==}
    cpu: [ia32]
    os: [linux]
    requiresBuild: true
    dev: true
    optional: true

  /esbuild-linux-64/0.13.12:
    resolution: {integrity: sha512-YpXSwtu2NxN3N4ifJxEdsgd6Q5d8LYqskrAwjmoCT6yQnEHJSF5uWcxv783HWN7lnGpJi9KUtDvYsnMdyGw71Q==}
    cpu: [x64]
    os: [linux]
    requiresBuild: true
    dev: true
    optional: true

  /esbuild-linux-arm/0.13.12:
    resolution: {integrity: sha512-SyiT/JKxU6J+DY2qUiSLZJqCAftIt3uoGejZ0HDnUM2MGJqEGSGh7p1ecVL2gna3PxS4P+j6WAehCwgkBPXNIw==}
    cpu: [arm]
    os: [linux]
    requiresBuild: true
    dev: true
    optional: true

  /esbuild-linux-arm64/0.13.12:
    resolution: {integrity: sha512-sgDNb8kb3BVodtAlcFGgwk+43KFCYjnFOaOfJibXnnIojNWuJHpL6aQJ4mumzNWw8Rt1xEtDQyuGK9f+Y24jGA==}
    cpu: [arm64]
    os: [linux]
    requiresBuild: true
    dev: true
    optional: true

  /esbuild-linux-mips64le/0.13.12:
    resolution: {integrity: sha512-qQJHlZBG+QwVIA8AbTEtbvF084QgDi4DaUsUnA+EolY1bxrG+UyOuGflM2ZritGhfS/k7THFjJbjH2wIeoKA2g==}
    cpu: [mips64el]
    os: [linux]
    requiresBuild: true
    dev: true
    optional: true

  /esbuild-linux-ppc64le/0.13.12:
    resolution: {integrity: sha512-2dSnm1ldL7Lppwlo04CGQUpwNn5hGqXI38OzaoPOkRsBRWFBozyGxTFSee/zHFS+Pdh3b28JJbRK3owrrRgWNw==}
    cpu: [ppc64]
    os: [linux]
    requiresBuild: true
    dev: true
    optional: true

  /esbuild-netbsd-64/0.13.12:
    resolution: {integrity: sha512-D4raxr02dcRiQNbxOLzpqBzcJNFAdsDNxjUbKkDMZBkL54Z0vZh4LRndycdZAMcIdizC/l/Yp/ZsBdAFxc5nbA==}
    cpu: [x64]
    os: [netbsd]
    requiresBuild: true
    dev: true
    optional: true

  /esbuild-openbsd-64/0.13.12:
    resolution: {integrity: sha512-KuLCmYMb2kh05QuPJ+va60bKIH5wHL8ypDkmpy47lzwmdxNsuySeCMHuTv5o2Af1RUn5KLO5ZxaZeq4GEY7DaQ==}
    cpu: [x64]
    os: [openbsd]
    requiresBuild: true
    dev: true
    optional: true

  /esbuild-sunos-64/0.13.12:
    resolution: {integrity: sha512-jBsF+e0woK3miKI8ufGWKG3o3rY9DpHvCVRn5eburMIIE+2c+y3IZ1srsthKyKI6kkXLvV4Cf/E7w56kLipMXw==}
    cpu: [x64]
    os: [sunos]
    requiresBuild: true
    dev: true
    optional: true

  /esbuild-windows-32/0.13.12:
    resolution: {integrity: sha512-L9m4lLFQrFeR7F+eLZXG82SbXZfUhyfu6CexZEil6vm+lc7GDCE0Q8DiNutkpzjv1+RAbIGVva9muItQ7HVTkQ==}
    cpu: [ia32]
    os: [win32]
    requiresBuild: true
    dev: true
    optional: true

  /esbuild-windows-64/0.13.12:
    resolution: {integrity: sha512-k4tX4uJlSbSkfs78W5d9+I9gpd+7N95W7H2bgOMFPsYREVJs31+Q2gLLHlsnlY95zBoPQMIzHooUIsixQIBjaQ==}
    cpu: [x64]
    os: [win32]
    requiresBuild: true
    dev: true
    optional: true

  /esbuild-windows-arm64/0.13.12:
    resolution: {integrity: sha512-2tTv/BpYRIvuwHpp2M960nG7uvL+d78LFW/ikPItO+2GfK51CswIKSetSpDii+cjz8e9iSPgs+BU4o8nWICBwQ==}
    cpu: [arm64]
    os: [win32]
    requiresBuild: true
    dev: true
    optional: true

  /esbuild/0.13.12:
    resolution: {integrity: sha512-vTKKUt+yoz61U/BbrnmlG9XIjwpdIxmHB8DlPR0AAW6OdS+nBQBci6LUHU2q9WbBobMEIQxxDpKbkmOGYvxsow==}
    hasBin: true
    requiresBuild: true
    optionalDependencies:
      esbuild-android-arm64: 0.13.12
      esbuild-darwin-64: 0.13.12
      esbuild-darwin-arm64: 0.13.12
      esbuild-freebsd-64: 0.13.12
      esbuild-freebsd-arm64: 0.13.12
      esbuild-linux-32: 0.13.12
      esbuild-linux-64: 0.13.12
      esbuild-linux-arm: 0.13.12
      esbuild-linux-arm64: 0.13.12
      esbuild-linux-mips64le: 0.13.12
      esbuild-linux-ppc64le: 0.13.12
      esbuild-netbsd-64: 0.13.12
      esbuild-openbsd-64: 0.13.12
      esbuild-sunos-64: 0.13.12
      esbuild-windows-32: 0.13.12
      esbuild-windows-64: 0.13.12
      esbuild-windows-arm64: 0.13.12
    dev: true

  /escalade/3.1.1:
    resolution: {integrity: sha512-k0er2gUkLf8O0zKJiAhmkTnJlTvINGv7ygDNPbeIsX/TJjGJZHuh9B2UxbsaEkmlEo9MfhrSzmhIlhRlI2GXnw==}
    engines: {node: '>=6'}
    dev: true

  /fill-range/7.0.1:
    resolution: {integrity: sha512-qOo9F+dMUmC2Lcb4BbVvnKJxTPjCm+RRpe4gDuGrzkL7mEVl/djYSu2OdQ2Pa302N4oqkSg9ir6jaLWJ2USVpQ==}
    engines: {node: '>=8'}
    dependencies:
      to-regex-range: 5.0.1
    dev: true

  /fsevents/2.3.2:
    resolution: {integrity: sha512-xiqMQR4xAeHTuB9uWm+fFRcIOgKBMiOBP+eXiyT7jsgVCq1bkVygt00oASowB7EdtpOHaaPgKt812P9ab+DDKA==}
    engines: {node: ^8.16.0 || ^10.6.0 || >=11.0.0}
    os: [darwin]
    requiresBuild: true
    dev: true
    optional: true

  /get-caller-file/2.0.5:
    resolution: {integrity: sha512-DyFP3BM/3YHTQOCUL/w0OZHR0lpKeGrxotcHWcqNEdnltqFwXVfhEBQ94eIo34AfQpo0rGki4cyIiftY06h2Fg==}
    engines: {node: 6.* || 8.* || >= 10.*}
    dev: true

  /get-port/6.0.0:
    resolution: {integrity: sha512-qSVkVF6Eq1GdL/cBNiFuP4nUHMF7OEMTqEjC6alR2N90u8BFOoO0PFhNTX2QtAUoGrz8NnrSWj85TZ8YXZ6LOA==}
    engines: {node: ^12.20.0 || ^14.13.1 || >=16.0.0}
    dev: true

  /glob-parent/5.1.2:
    resolution: {integrity: sha512-AOIgSQCepiJYwP3ARnGx+5VnTu2HBYdzbGP45eLw1vr3zB3vZLeyed1sC9hnbcOc9/SrMyM5RPQrkGz4aS9Zow==}
    engines: {node: '>= 6'}
    dependencies:
      is-glob: 4.0.3
    dev: true

  /has-flag/4.0.0:
    resolution: {integrity: sha512-EykJT/Q1KjTWctppgIAgfSO0tKVuZUjhgMr17kqTumMl6Afv3EISleU7qZUzoXDFTAHTDC4NOoG/ZxU3EvlMPQ==}
    engines: {node: '>=8'}
    dev: true

  /highlight.js/11.3.1:
    resolution: {integrity: sha512-PUhCRnPjLtiLHZAQ5A/Dt5F8cWZeMyj9KRsACsWT+OD6OP0x6dp5OmT5jdx0JgEyPxPZZIPQpRN2TciUT7occw==}
    engines: {node: '>=12.0.0'}
    dev: false

  /is-binary-path/2.1.0:
    resolution: {integrity: sha512-ZMERYes6pDydyuGidse7OsHxtbI7WVeUEozgR/g7rd0xUimYNlvZRE/K2MgZTjWy725IfelLeVcEM97mmtRGXw==}
    engines: {node: '>=8'}
    dependencies:
      binary-extensions: 2.2.0
    dev: true

  /is-extglob/2.1.1:
    resolution: {integrity: sha1-qIwCU1eR8C7TfHahueqXc8gz+MI=}
    engines: {node: '>=0.10.0'}
    dev: true

  /is-fullwidth-code-point/3.0.0:
    resolution: {integrity: sha512-zymm5+u+sCsSWyD9qNaejV3DFvhCKclKdizYaJUuHA83RLjb7nSuGnddCHGv0hk+KY7BMAlsWeK4Ueg6EV6XQg==}
    engines: {node: '>=8'}
    dev: true

  /is-glob/4.0.3:
    resolution: {integrity: sha512-xelSayHH36ZgE7ZWhli7pW34hNbNl8Ojv5KVmkJD4hBdD3th8Tfk9vYasLM+mXWOZhFkgZfxhLSnrwRr4elSSg==}
    engines: {node: '>=0.10.0'}
    dependencies:
      is-extglob: 2.1.1
    dev: true

  /is-number/7.0.0:
    resolution: {integrity: sha512-41Cifkg6e8TylSpdtTpeLVMqvSBEVzTttHvERD741+pnZ8ANv0004MRL43QKPDlK9cGvNp6NZWZUBlbGXYxxng==}
    engines: {node: '>=0.12.0'}
    dev: true

  /local-access/1.1.0:
    resolution: {integrity: sha512-XfegD5pyTAfb+GY6chk283Ox5z8WexG56OvM06RWLpAc/UHozO8X6xAxEkIitZOtsSMM1Yr3DkHgW5W+onLhCw==}
    engines: {node: '>=6'}
    dev: true

  /lodash/4.17.21:
    resolution: {integrity: sha512-v2kDEe57lecTulaDIuNTPy3Ry4gLGJ6Z1O3vE1krgXZNrsQ+LFTGHVxVjcXPs17LhbZVGedAJv8XZ1tvj5FvSg==}
    dev: true

  /mime/3.0.0:
    resolution: {integrity: sha512-jSCU7/VB1loIWBZe14aEYHU/+1UMEHoaO7qxCOVJOw9GgH72VAWppxNcjU+x9a2k3GSIBXNKxXQFqRvvZ7vr3A==}
    engines: {node: '>=10.0.0'}
    hasBin: true
    dev: true

  /mimic-fn/3.1.0:
    resolution: {integrity: sha512-Ysbi9uYW9hFyfrThdDEQuykN4Ey6BuwPD2kpI5ES/nFTDn/98yxYNLZJcgUAKPT/mcrLLKaGzJR9YVxJrIdASQ==}
    engines: {node: '>=8'}
    dev: true

  /mri/1.2.0:
    resolution: {integrity: sha512-tzzskb3bG8LvYGFF/mDTpq3jpI6Q9wc3LEmBaghu+DdCssd1FakN7Bc0hVNmEyGq1bq3RgfkCb3cmQLpNPOroA==}
    engines: {node: '>=4'}
    dev: true

  /normalize-path/3.0.0:
    resolution: {integrity: sha512-6eZs5Ls3WtCisHWp9S2GUy8dqkpGi4BVSz3GaqiE6ezub0512ESztXUwUB6C6IKbQkY2Pnb/mD4WYojCRwcwLA==}
    engines: {node: '>=0.10.0'}
    dev: true

  /picomatch/2.3.0:
    resolution: {integrity: sha512-lY1Q/PiJGC2zOv/z391WOTD+Z02bCgsFfvxoXXf6h7kv9o+WmsmzYqrAwY63sNgOxE4xEdq0WyUnXfKeBrSvYw==}
    engines: {node: '>=8.6'}
    dev: true

  /pretty-bytes/5.6.0:
    resolution: {integrity: sha512-FFw039TmrBqFK8ma/7OL3sDz/VytdtJr044/QUJtH0wK9lb9jLq9tJyIxUwtQJHwar2BqtiA4iCWSwo9JLkzFg==}
    engines: {node: '>=6'}
    dev: true

  /readdirp/3.6.0:
    resolution: {integrity: sha512-hOS089on8RduqdbhvQ5Z37A0ESjsqz6qnRcffsMU3495FuTdqSm+7bhJ29JvIOsBDEEnan5DPu9t3To9VRlMzA==}
    engines: {node: '>=8.10.0'}
    dependencies:
      picomatch: 2.3.0
    dev: true

  /require-directory/2.1.1:
    resolution: {integrity: sha1-jGStX9MNqxyXbiNE/+f3kqam30I=}
    engines: {node: '>=0.10.0'}
    dev: true

  /rxjs/6.6.7:
    resolution: {integrity: sha512-hTdwr+7yYNIT5n4AMYp85KA6yw2Va0FLa3Rguvbpa4W3I5xynaBZo41cM3XM+4Q6fRMj3sBYIR1VAmZMXYJvRQ==}
    engines: {npm: '>=2.0.0'}
    dependencies:
      tslib: 1.14.1
    dev: true

  /sade/1.7.4:
    resolution: {integrity: sha512-y5yauMD93rX840MwUJr7C1ysLFBgMspsdTo4UVrDg3fXDvtwOyIqykhVAAm6fk/3au77773itJStObgK+LKaiA==}
    engines: {node: '>= 6'}
    dependencies:
      mri: 1.2.0
    dev: true

  /selector-observer/2.1.6:
    resolution: {integrity: sha512-/I0XLOlDbzk9tnZUqNos/2cshOxTNk1QhoXtJRR8OZ4JjVfXq6JUjqo4icPDQ8fzNr2uQ32mfOzJ6sXPao/6MA==}
    dependencies:
      selector-set: 1.1.5
    dev: false

  /selector-set/1.1.5:
    resolution: {integrity: sha512-6SQw6yMew5iOZ8/cDHDEnJWRM4ot2mxP6szZyF5ptrBogw4AcS4EXRj/8BUfgAMwVfdL84qpModlBMOl2NVrsQ==}
    dev: false

  /spawn-command/0.0.2-1:
    resolution: {integrity: sha1-YvXpRmmBwbeW3Fkpk34RycaSG9A=}
    dev: true

  /string-width/4.2.3:
    resolution: {integrity: sha512-wKyQRQpjJ0sIp62ErSZdGsjMJWsap5oRNihHhu6G7JVO/9jIB6UyevL+tXuOqrng8j/cxKTWyWUwvSTriiZz/g==}
    engines: {node: '>=8'}
    dependencies:
      emoji-regex: 8.0.0
      is-fullwidth-code-point: 3.0.0
      strip-ansi: 6.0.1
    dev: true

  /strip-ansi/6.0.1:
    resolution: {integrity: sha512-Y38VPSHcqkFrCpFnQ9vuSXmquuv5oXOKpGeT6aGrr3o3Gc9AlVa6JBfUSOCnbxGGZF+/0ooI7KrPuUSztUdU5A==}
    engines: {node: '>=8'}
    dependencies:
      ansi-regex: 5.0.1
    dev: true

  /style-mod/4.0.0:
    resolution: {integrity: sha512-OPhtyEjyyN9x3nhPsu76f52yUGXiZcgvsrFVtvTkyGRQJ0XK+GPc6ov1z+lRpbeabka+MYEQxOYRnt5nF30aMw==}
    dev: false

  /supports-color/7.2.0:
    resolution: {integrity: sha512-qpCAvRl9stuOHveKsn7HncJRvv501qIacKzQlO/+Lwxc9+0q2wLyv4Dfvt80/DPn2pqOBsJdDiogXGR9+OvwRw==}
    engines: {node: '>=8'}
    dependencies:
      has-flag: 4.0.0
    dev: true

  /supports-color/8.1.1:
    resolution: {integrity: sha512-MpUEN2OodtUzxvKQl72cUF7RQ5EiHsGvSsVG0ia9c5RbWGL2CI4C7EpPS8UTBIplnlzZiNuV56w+FuNxy3ty2Q==}
    engines: {node: '>=10'}
    dependencies:
      has-flag: 4.0.0
    dev: true

  /svelte/3.44.1:
    resolution: {integrity: sha512-4DrCEJoBvdR689efHNSxIQn2pnFwB7E7j2yLEJtHE/P8hxwZWIphCtJ8are7bjl/iVMlcEf5uh5pJ68IwR09vQ==}
    engines: {node: '>= 8'}
    dev: true

  /to-regex-range/5.0.1:
    resolution: {integrity: sha512-65P7iz6X5yEr1cwcgvQxbbIw7Uk3gOy5dIdtZ4rDveLqhrdJP+Li/Hx6tyK0NEb+2GCyneCMJiGqrADCSNk8sQ==}
    engines: {node: '>=8.0'}
    dependencies:
      is-number: 7.0.0
    dev: true

  /tree-kill/1.2.2:
    resolution: {integrity: sha512-L0Orpi8qGpRG//Nd+H90vFB+3iHnue1zSSGmNOOCh1GLJ7rUKVwV2HvijphGQS2UmhUZewS9VgvxYIdgr+fG1A==}
    hasBin: true
    dev: true

  /tslib/1.14.1:
    resolution: {integrity: sha512-Xni35NKzjgMrwevysHTCArtLDpPvye8zV/0E4EyYn43P7/7qvQwPh9BGkHewbMulVntbigmcT7rdX3BNo9wRJg==}
    dev: true

  /type-fest/2.5.2:
    resolution: {integrity: sha512-WMbytmAs5PUTqwGJRE+WoRrD2S0bYFtHX8k4Y/1l18CG5kqA3keJud9pPQ/r30FE9n8XRFCXF9BbccHIZzRYJw==}
    engines: {node: '>=12.20'}
    dev: true

  /w3c-keyname/2.2.4:
    resolution: {integrity: sha512-tOhfEwEzFLJzf6d1ZPkYfGj+FWhIpBux9ppoP3rlclw3Z0BZv3N7b7030Z1kYth+6rDuAsXUFr+d0VE6Ed1ikw==}
    dev: false

  /wrap-ansi/7.0.0:
    resolution: {integrity: sha512-YVGIj2kamLSTxw6NsZjoBxfSwsn0ycdesmc4p+Q21c5zPuZ1pl+NfxVdxPtdHvmNVOQ6XSYG4AUtyt/Fi7D16Q==}
    engines: {node: '>=10'}
    dependencies:
      ansi-styles: 4.3.0
      string-width: 4.2.3
      strip-ansi: 6.0.1
    dev: true

  /y18n/5.0.8:
    resolution: {integrity: sha512-0pfFzegeDWJHJIAmTLRP2DwHjdF5s7jo9tuztdQxAhINCdvS+3nGINqPd00AphqJR/0LhANUS6/+7SCb98YOfA==}
    engines: {node: '>=10'}
    dev: true

  /yargs-parser/20.2.9:
    resolution: {integrity: sha512-y11nGElTIV+CT3Zv9t7VKl+Q3hTQoT9a1Qzezhhl6Rp21gJ/IVTW7Z3y9EWXhuUBC2Shnf+DX0antecpAwSP8w==}
    engines: {node: '>=10'}
    dev: true

  /yargs/16.2.0:
    resolution: {integrity: sha512-D1mvvtDG0L5ft/jGWkLpG1+m0eQxOfaBvTNELraWj22wSVUMWxZUvYgJYcKh6jGGIkJFhH4IZPQhR4TKpc8mBw==}
    engines: {node: '>=10'}
    dependencies:
      cliui: 7.0.4
      escalade: 3.1.1
      get-caller-file: 2.0.5
      require-directory: 2.1.1
      string-width: 4.2.3
      y18n: 5.0.8
      yargs-parser: 20.2.9
    dev: true
